
Microsoft Visual Studio Solution File, Format Version 12.00
# Visual Studio Version 17
VisualStudioVersion = 17.11.35222.181
MinimumVisualStudioVersion = 10.0.40219.1
Project("{FAE04EC0-301F-11D3-BF4B-00C04F79EFBC}") = "StudentPortal.Web", "StudentPortal.Web\StudentPortal.Web.csproj", "{B2411B9E-55CF-415C-B631-AE603A0F30C1}"
EndProject
Global
	GlobalSection(SolutionConfigurationPlatforms) = preSolution
		Debug|Any CPU = Debug|Any CPU
		Release|Any CPU = Release|Any CPU
	EndGlobalSection
	GlobalSection(ProjectConfigurationPlatforms) = postSolution
		{B2411B9E-55CF-415C-B631-AE603A0F30C1}.Debug|Any CPU.ActiveCfg = Debug|Any CPU
		{B2411B9E-55CF-415C-B631-AE603A0F30C1}.Debug|Any CPU.Build.0 = Debug|Any CPU
		{B2411B9E-55CF-415C-B631-AE603A0F30C1}.Release|Any CPU.ActiveCfg = Release|Any CPU
		{B2411B9E-55CF-415C-B631-AE603A0F30C1}.Release|Any CPU.Build.0 = Release|Any CPU
	EndGlobalSection
	GlobalSection(SolutionProperties) = preSolution
		HideSolutionNode = FALSE
	EndGlobalSection
	GlobalSection(ExtensibilityGlobals) = postSolution
		SolutionGuid = {312B6169-4160-4CF4-8791-F530AAFF179F}
	EndGlobalSection
EndGlobal
